// !$*UTF8*$!
{
	archiveVersion = 1;
	classes = {
	};
	objectVersion = 56;
	objects = {

/* Begin PBXBuildFile section */
		A835C3CC2A348F3200A6862A /* LoginController.swift in Sources */ = {isa = PBXBuildFile; fileRef = A835C3CB2A348F3200A6862A /* LoginController.swift */; };
		A835C3CE2A34902600A6862A /* RegistrationController.swift in Sources */ = {isa = PBXBuildFile; fileRef = A835C3CD2A34902600A6862A /* RegistrationController.swift */; };
		A86D6D282A276B7700DFB94C /* AppDelegate.swift in Sources */ = {isa = PBXBuildFile; fileRef = A86D6D272A276B7700DFB94C /* AppDelegate.swift */; };
		A86D6D2A2A276B7700DFB94C /* SceneDelegate.swift in Sources */ = {isa = PBXBuildFile; fileRef = A86D6D292A276B7700DFB94C /* SceneDelegate.swift */; };
		A86D6D2F2A276B7700DFB94C /* Main.storyboard in Resources */ = {isa = PBXBuildFile; fileRef = A86D6D2D2A276B7700DFB94C /* Main.storyboard */; };
		A86D6D312A276B7900DFB94C /* Assets.xcassets in Resources */ = {isa = PBXBuildFile; fileRef = A86D6D302A276B7900DFB94C /* Assets.xcassets */; };
		A86D6D342A276B7900DFB94C /* LaunchScreen.storyboard in Resources */ = {isa = PBXBuildFile; fileRef = A86D6D322A276B7900DFB94C /* LaunchScreen.storyboard */; };
		A86D6D452A276F6300DFB94C /* MainTabController.swift in Sources */ = {isa = PBXBuildFile; fileRef = A86D6D442A276F6300DFB94C /* MainTabController.swift */; };
		A86D6D472A27731200DFB94C /* FeedController.swift in Sources */ = {isa = PBXBuildFile; fileRef = A86D6D462A27731200DFB94C /* FeedController.swift */; };
		A86D6D492A27737800DFB94C /* ExploreController.swift in Sources */ = {isa = PBXBuildFile; fileRef = A86D6D482A27737800DFB94C /* ExploreController.swift */; };
		A86D6D4B2A2773AB00DFB94C /* NotificationsController.swift in Sources */ = {isa = PBXBuildFile; fileRef = A86D6D4A2A2773AB00DFB94C /* NotificationsController.swift */; };
		A86D6D4D2A2773E700DFB94C /* ConversationsController.swift in Sources */ = {isa = PBXBuildFile; fileRef = A86D6D4C2A2773E700DFB94C /* ConversationsController.swift */; };
		A86D6DB62A2F07E400DFB94C /* Extentions.swift in Sources */ = {isa = PBXBuildFile; fileRef = A86D6DB52A2F07E400DFB94C /* Extentions.swift */; };
/* End PBXBuildFile section */

/* Begin PBXFileReference section */
		A835C3CB2A348F3200A6862A /* LoginController.swift */ = {isa = PBXFileReference; lastKnownFileType = sourcecode.swift; path = LoginController.swift; sourceTree = "<group>"; };
		A835C3CD2A34902600A6862A /* RegistrationController.swift */ = {isa = PBXFileReference; lastKnownFileType = sourcecode.swift; path = RegistrationController.swift; sourceTree = "<group>"; };
		A86D6D242A276B7700DFB94C /* TwitterTutorial.app */ = {isa = PBXFileReference; explicitFileType = wrapper.application; includeInIndex = 0; path = TwitterTutorial.app; sourceTree = BUILT_PRODUCTS_DIR; };
		A86D6D272A276B7700DFB94C /* AppDelegate.swift */ = {isa = PBXFileReference; lastKnownFileType = sourcecode.swift; path = AppDelegate.swift; sourceTree = "<group>"; };
		A86D6D292A276B7700DFB94C /* SceneDelegate.swift */ = {isa = PBXFileReference; lastKnownFileType = sourcecode.swift; path = SceneDelegate.swift; sourceTree = "<group>"; };
		A86D6D2E2A276B7700DFB94C /* Base */ = {isa = PBXFileReference; lastKnownFileType = file.storyboard; name = Base; path = Base.lproj/Main.storyboard; sourceTree = "<group>"; };
		A86D6D302A276B7900DFB94C /* Assets.xcassets */ = {isa = PBXFileReference; lastKnownFileType = folder.assetcatalog; path = Assets.xcassets; sourceTree = "<group>"; };
		A86D6D332A276B7900DFB94C /* Base */ = {isa = PBXFileReference; lastKnownFileType = file.storyboard; name = Base; path = Base.lproj/LaunchScreen.storyboard; sourceTree = "<group>"; };
		A86D6D352A276B7900DFB94C /* Info.plist */ = {isa = PBXFileReference; lastKnownFileType = text.plist.xml; path = Info.plist; sourceTree = "<group>"; };
		A86D6D442A276F6300DFB94C /* MainTabController.swift */ = {isa = PBXFileReference; lastKnownFileType = sourcecode.swift; path = MainTabController.swift; sourceTree = "<group>"; };
		A86D6D462A27731200DFB94C /* FeedController.swift */ = {isa = PBXFileReference; lastKnownFileType = sourcecode.swift; path = FeedController.swift; sourceTree = "<group>"; };
		A86D6D482A27737800DFB94C /* ExploreController.swift */ = {isa = PBXFileReference; lastKnownFileType = sourcecode.swift; path = ExploreController.swift; sourceTree = "<group>"; };
		A86D6D4A2A2773AB00DFB94C /* NotificationsController.swift */ = {isa = PBXFileReference; lastKnownFileType = sourcecode.swift; path = NotificationsController.swift; sourceTree = "<group>"; };
		A86D6D4C2A2773E700DFB94C /* ConversationsController.swift */ = {isa = PBXFileReference; lastKnownFileType = sourcecode.swift; path = ConversationsController.swift; sourceTree = "<group>"; };
		A86D6DB52A2F07E400DFB94C /* Extentions.swift */ = {isa = PBXFileReference; lastKnownFileType = sourcecode.swift; path = Extentions.swift; sourceTree = "<group>"; };
/* End PBXFileReference section */

/* Begin PBXFrameworksBuildPhase section */
		A86D6D212A276B7600DFB94C /* Frameworks */ = {
			isa = PBXFrameworksBuildPhase;
			buildActionMask = 2147483647;
			files = (
			);
			runOnlyForDeploymentPostprocessing = 0;
		};
/* End PBXFrameworksBuildPhase section */

/* Begin PBXGroup section */
		A835C3CA2A348F1100A6862A /* Authentication */ = {
			isa = PBXGroup;
			children = (
				A835C3CB2A348F3200A6862A /* LoginController.swift */,
				A835C3CD2A34902600A6862A /* RegistrationController.swift */,
			);
			path = Authentication;
			sourceTree = "<group>";
		};
		A86D6D1B2A276B7600DFB94C = {
			isa = PBXGroup;
			children = (
				A86D6D262A276B7700DFB94C /* TwitterTutorial */,
				A86D6D252A276B7700DFB94C /* Products */,
			);
			sourceTree = "<group>";
		};
		A86D6D252A276B7700DFB94C /* Products */ = {
			isa = PBXGroup;
			children = (
				A86D6D242A276B7700DFB94C /* TwitterTutorial.app */,
			);
			name = Products;
			sourceTree = "<group>";
		};
		A86D6D262A276B7700DFB94C /* TwitterTutorial */ = {
			isa = PBXGroup;
			children = (
				A86D6D432A276D0F00DFB94C /* Model */,
				A86D6D422A276D0C00DFB94C /* View */,
				A86D6D412A276D0A00DFB94C /* ViewModel */,
				A86D6D402A276D0700DFB94C /* Controller */,
				A86D6D3F2A276D0500DFB94C /* API */,
				A86D6D3E2A276CD600DFB94C /* Utils */,
				A86D6D272A276B7700DFB94C /* AppDelegate.swift */,
				A86D6D292A276B7700DFB94C /* SceneDelegate.swift */,
				A86D6D2D2A276B7700DFB94C /* Main.storyboard */,
				A86D6D302A276B7900DFB94C /* Assets.xcassets */,
				A86D6D322A276B7900DFB94C /* LaunchScreen.storyboard */,
				A86D6D352A276B7900DFB94C /* Info.plist */,
			);
			path = TwitterTutorial;
			sourceTree = "<group>";
		};
		A86D6D3E2A276CD600DFB94C /* Utils */ = {
			isa = PBXGroup;
			children = (
				A86D6DB52A2F07E400DFB94C /* Extentions.swift */,
			);
			path = Utils;
			sourceTree = "<group>";
		};
		A86D6D3F2A276D0500DFB94C /* API */ = {
			isa = PBXGroup;
			children = (
			);
			path = API;
			sourceTree = "<group>";
		};
		A86D6D402A276D0700DFB94C /* Controller */ = {
			isa = PBXGroup;
			children = (
				A835C3CA2A348F1100A6862A /* Authentication */,
				A86D6D442A276F6300DFB94C /* MainTabController.swift */,
				A86D6D462A27731200DFB94C /* FeedController.swift */,
				A86D6D482A27737800DFB94C /* ExploreController.swift */,
				A86D6D4A2A2773AB00DFB94C /* NotificationsController.swift */,
				A86D6D4C2A2773E700DFB94C /* ConversationsController.swift */,
			);
			path = Controller;
			sourceTree = "<group>";
		};
		A86D6D412A276D0A00DFB94C /* ViewModel */ = {
			isa = PBXGroup;
			children = (
			);
			path = ViewModel;
			sourceTree = "<group>";
		};
		A86D6D422A276D0C00DFB94C /* View */ = {
			isa = PBXGroup;
			children = (
			);
			path = View;
			sourceTree = "<group>";
		};
		A86D6D432A276D0F00DFB94C /* Model */ = {
			isa = PBXGroup;
			children = (
			);
			path = Model;
			sourceTree = "<group>";
		};
/* End PBXGroup section */

/* Begin PBXNativeTarget section */
		A86D6D232A276B7600DFB94C /* TwitterTutorial */ = {
			isa = PBXNativeTarget;
			buildConfigurationList = A86D6D382A276B7900DFB94C /* Build configuration list for PBXNativeTarget "TwitterTutorial" */;
			buildPhases = (
				A86D6D202A276B7600DFB94C /* Sources */,
				A86D6D212A276B7600DFB94C /* Frameworks */,
				A86D6D222A276B7600DFB94C /* Resources */,
			);
			buildRules = (
			);
			dependencies = (
			);
			name = TwitterTutorial;
			productName = TwitterTutorial;
			productReference = A86D6D242A276B7700DFB94C /* TwitterTutorial.app */;
			productType = "com.apple.product-type.application";
		};
/* End PBXNativeTarget section */

/* Begin PBXProject section */
		A86D6D1C2A276B7600DFB94C /* Project object */ = {
			isa = PBXProject;
			attributes = {
				BuildIndependentTargetsInParallel = 1;
				LastSwiftUpdateCheck = 1410;
				LastUpgradeCheck = 1410;
				TargetAttributes = {
					A86D6D232A276B7600DFB94C = {
						CreatedOnToolsVersion = 14.1;
					};
				};
			};
			buildConfigurationList = A86D6D1F2A276B7600DFB94C /* Build configuration list for PBXProject "TwitterTutorial" */;
			compatibilityVersion = "Xcode 14.0";
			developmentRegion = en;
			hasScannedForEncodings = 0;
			knownRegions = (
				en,
				Base,
			);
			mainGroup = A86D6D1B2A276B7600DFB94C;
			productRefGroup = A86D6D252A276B7700DFB94C /* Products */;
			projectDirPath = "";
			projectRoot = "";
			targets = (
				A86D6D232A276B7600DFB94C /* TwitterTutorial */,
			);
		};
/* End PBXProject section */

/* Begin PBXResourcesBuildPhase section */
		A86D6D222A276B7600DFB94C /* Resources */ = {
			isa = PBXResourcesBuildPhase;
			buildActionMask = 2147483647;
			files = (
				A86D6D342A276B7900DFB94C /* LaunchScreen.storyboard in Resources */,
				A86D6D312A276B7900DFB94C /* Assets.xcassets in Resources */,
				A86D6D2F2A276B7700DFB94C /* Main.storyboard in Resources */,
			);
			runOnlyForDeploymentPostprocessing = 0;
		};
/* End PBXResourcesBuildPhase section */

/* Begin PBXSourcesBuildPhase section */
		A86D6D202A276B7600DFB94C /* Sources */ = {
			isa = PBXSourcesBuildPhase;
			buildActionMask = 2147483647;
			files = (
				A86D6D4B2A2773AB00DFB94C /* NotificationsController.swift in Sources */,
				A86D6D4D2A2773E700DFB94C /* ConversationsController.swift in Sources */,
				A86D6D282A276B7700DFB94C /* AppDelegate.swift in Sources */,
				A86D6D492A27737800DFB94C /* ExploreController.swift in Sources */,
				A86D6DB62A2F07E400DFB94C /* Extentions.swift in Sources */,
				A86D6D2A2A276B7700DFB94C /* SceneDelegate.swift in Sources */,
				A86D6D452A276F6300DFB94C /* MainTabController.swift in Sources */,
				A835C3CC2A348F3200A6862A /* LoginController.swift in Sources */,
				A835C3CE2A34902600A6862A /* RegistrationController.swift in Sources */,
				A86D6D472A27731200DFB94C /* FeedController.swift in Sources */,
			);
			runOnlyForDeploymentPostprocessing = 0;
		};
/* End PBXSourcesBuildPhase section */

/* Begin PBXVariantGroup section */
		A86D6D2D2A276B7700DFB94C /* Main.storyboard */ = {
			isa = PBXVariantGroup;
			children = (
				A86D6D2E2A276B7700DFB94C /* Base */,
			);
			name = Main.storyboard;
			sourceTree = "<group>";
		};
		A86D6D322A276B7900DFB94C /* LaunchScreen.storyboard */ = {
			isa = PBXVariantGroup;
			children = (
				A86D6D332A276B7900DFB94C /* Base */,
			);
			name = LaunchScreen.storyboard;
			sourceTree = "<group>";
		};
/* End PBXVariantGroup section */

/* Begin XCBuildConfiguration section */
		A86D6D362A276B7900DFB94C /* Debug */ = {
			isa = XCBuildConfiguration;
			buildSettings = {
				ALWAYS_SEARCH_USER_PATHS = NO;
				CLANG_ANALYZER_NONNULL = YES;
				CLANG_ANALYZER_NUMBER_OBJECT_CONVERSION = YES_AGGRESSIVE;
				CLANG_CXX_LANGUAGE_STANDARD = "gnu++20";
				CLANG_ENABLE_MODULES = YES;
				CLANG_ENABLE_OBJC_ARC = YES;
				CLANG_ENABLE_OBJC_WEAK = YES;
				CLANG_WARN_BLOCK_CAPTURE_AUTORELEASING = YES;
				CLANG_WARN_BOOL_CONVERSION = YES;
				CLANG_WARN_COMMA = YES;
				CLANG_WARN_CONSTANT_CONVERSION = YES;
				CLANG_WARN_DEPRECATED_OBJC_IMPLEMENTATIONS = YES;
				CLANG_WARN_DIRECT_OBJC_ISA_USAGE = YES_ERROR;
				CLANG_WARN_DOCUMENTATION_COMMENTS = YES;
				CLANG_WARN_EMPTY_BODY = YES;
				CLANG_WARN_ENUM_CONVERSION = YES;
				CLANG_WARN_INFINITE_RECURSION = YES;
				CLANG_WARN_INT_CONVERSION = YES;
				CLANG_WARN_NON_LITERAL_NULL_CONVERSION = YES;
				CLANG_WARN_OBJC_IMPLICIT_RETAIN_SELF = YES;
				CLANG_WARN_OBJC_LITERAL_CONVERSION = YES;
				CLANG_WARN_OBJC_ROOT_CLASS = YES_ERROR;
				CLANG_WARN_QUOTED_INCLUDE_IN_FRAMEWORK_HEADER = YES;
				CLANG_WARN_RANGE_LOOP_ANALYSIS = YES;
				CLANG_WARN_STRICT_PROTOTYPES = YES;
				CLANG_WARN_SUSPICIOUS_MOVE = YES;
				CLANG_WARN_UNGUARDED_AVAILABILITY = YES_AGGRESSIVE;
				CLANG_WARN_UNREACHABLE_CODE = YES;
				CLANG_WARN__DUPLICATE_METHOD_MATCH = YES;
				COPY_PHASE_STRIP = NO;
				DEBUG_INFORMATION_FORMAT = dwarf;
				ENABLE_STRICT_OBJC_MSGSEND = YES;
				ENABLE_TESTABILITY = YES;
				GCC_C_LANGUAGE_STANDARD = gnu11;
				GCC_DYNAMIC_NO_PIC = NO;
				GCC_NO_COMMON_BLOCKS = YES;
				GCC_OPTIMIZATION_LEVEL = 0;
				GCC_PREPROCESSOR_DEFINITIONS = (
					"DEBUG=1",
					"$(inherited)",
				);
				GCC_WARN_64_TO_32_BIT_CONVERSION = YES;
				GCC_WARN_ABOUT_RETURN_TYPE = YES_ERROR;
				GCC_WARN_UNDECLARED_SELECTOR = YES;
				GCC_WARN_UNINITIALIZED_AUTOS = YES_AGGRESSIVE;
				GCC_WARN_UNUSED_FUNCTION = YES;
				GCC_WARN_UNUSED_VARIABLE = YES;
				IPHONEOS_DEPLOYMENT_TARGET = 16.1;
				MTL_ENABLE_DEBUG_INFO = INCLUDE_SOURCE;
				MTL_FAST_MATH = YES;
				ONLY_ACTIVE_ARCH = YES;
				SDKROOT = iphoneos;
				SWIFT_ACTIVE_COMPILATION_CONDITIONS = DEBUG;
				SWIFT_OPTIMIZATION_LEVEL = "-Onone";
			};
			name = Debug;
		};
		A86D6D372A276B7900DFB94C /* Release */ = {
			isa = XCBuildConfiguration;
			buildSettings = {
				ALWAYS_SEARCH_USER_PATHS = NO;
				CLANG_ANALYZER_NONNULL = YES;
				CLANG_ANALYZER_NUMBER_OBJECT_CONVERSION = YES_AGGRESSIVE;
				CLANG_CXX_LANGUAGE_STANDARD = "gnu++20";
				CLANG_ENABLE_MODULES = YES;
				CLANG_ENABLE_OBJC_ARC = YES;
				CLANG_ENABLE_OBJC_WEAK = YES;
				CLANG_WARN_BLOCK_CAPTURE_AUTORELEASING = YES;
				CLANG_WARN_BOOL_CONVERSION = YES;
				CLANG_WARN_COMMA = YES;
				CLANG_WARN_CONSTANT_CONVERSION = YES;
				CLANG_WARN_DEPRECATED_OBJC_IMPLEMENTATIONS = YES;
				CLANG_WARN_DIRECT_OBJC_ISA_USAGE = YES_ERROR;
				CLANG_WARN_DOCUMENTATION_COMMENTS = YES;
				CLANG_WARN_EMPTY_BODY = YES;
				CLANG_WARN_ENUM_CONVERSION = YES;
				CLANG_WARN_INFINITE_RECURSION = YES;
				CLANG_WARN_INT_CONVERSION = YES;
				CLANG_WARN_NON_LITERAL_NULL_CONVERSION = YES;
				CLANG_WARN_OBJC_IMPLICIT_RETAIN_SELF = YES;
				CLANG_WARN_OBJC_LITERAL_CONVERSION = YES;
				CLANG_WARN_OBJC_ROOT_CLASS = YES_ERROR;
				CLANG_WARN_QUOTED_INCLUDE_IN_FRAMEWORK_HEADER = YES;
				CLANG_WARN_RANGE_LOOP_ANALYSIS = YES;
				CLANG_WARN_STRICT_PROTOTYPES = YES;
				CLANG_WARN_SUSPICIOUS_MOVE = YES;
				CLANG_WARN_UNGUARDED_AVAILABILITY = YES_AGGRESSIVE;
				CLANG_WARN_UNREACHABLE_CODE = YES;
				CLANG_WARN__DUPLICATE_METHOD_MATCH = YES;
				COPY_PHASE_STRIP = NO;
				DEBUG_INFORMATION_FORMAT = "dwarf-with-dsym";
				ENABLE_NS_ASSERTIONS = NO;
				ENABLE_STRICT_OBJC_MSGSEND = YES;
				GCC_C_LANGUAGE_STANDARD = gnu11;
				GCC_NO_COMMON_BLOCKS = YES;
				GCC_WARN_64_TO_32_BIT_CONVERSION = YES;
				GCC_WARN_ABOUT_RETURN_TYPE = YES_ERROR;
				GCC_WARN_UNDECLARED_SELECTOR = YES;
				GCC_WARN_UNINITIALIZED_AUTOS = YES_AGGRESSIVE;
				GCC_WARN_UNUSED_FUNCTION = YES;
				GCC_WARN_UNUSED_VARIABLE = YES;
				IPHONEOS_DEPLOYMENT_TARGET = 16.1;
				MTL_ENABLE_DEBUG_INFO = NO;
				MTL_FAST_MATH = YES;
				SDKROOT = iphoneos;
				SWIFT_COMPILATION_MODE = wholemodule;
				SWIFT_OPTIMIZATION_LEVEL = "-O";
				VALIDATE_PRODUCT = YES;
			};
			name = Release;
		};
		A86D6D392A276B7900DFB94C /* Debug */ = {
			isa = XCBuildConfiguration;
			buildSettings = {
				ASSETCATALOG_COMPILER_APPICON_NAME = AppIcon;
				ASSETCATALOG_COMPILER_GLOBAL_ACCENT_COLOR_NAME = AccentColor;
				CODE_SIGN_STYLE = Automatic;
				CURRENT_PROJECT_VERSION = 1;
				GENERATE_INFOPLIST_FILE = YES;
				INFOPLIST_FILE = TwitterTutorial/Info.plist;
				INFOPLIST_KEY_UIApplicationSupportsIndirectInputEvents = YES;
				INFOPLIST_KEY_UILaunchStoryboardName = LaunchScreen;
				INFOPLIST_KEY_UIMainStoryboardFile = Main;
				INFOPLIST_KEY_UISupportedInterfaceOrientations_iPad = "UIInterfaceOrientationPortrait UIInterfaceOrientationPortraitUpsideDown UIInterfaceOrientationLandscapeLeft UIInterfaceOrientationLandscapeRight";
				INFOPLIST_KEY_UISupportedInterfaceOrientations_iPhone = "UIInterfaceOrientationPortrait UIInterfaceOrientationLandscapeLeft UIInterfaceOrientationLandscapeRight";
				LD_RUNPATH_SEARCH_PATHS = (
					"$(inherited)",
					"@executable_path/Frameworks",
				);
				MARKETING_VERSION = 1.0;
				PRODUCT_BUNDLE_IDENTIFIER = daichiwatanabe.TwitterTutorial;
				PRODUCT_NAME = "$(TARGET_NAME)";
				SWIFT_EMIT_LOC_STRINGS = YES;
				SWIFT_VERSION = 5.0;
				TARGETED_DEVICE_FAMILY = "1,2";
			};
			name = Debug;
		};
		A86D6D3A2A276B7900DFB94C /* Release */ = {
			isa = XCBuildConfiguration;
			buildSettings = {
				ASSETCATALOG_COMPILER_APPICON_NAME = AppIcon;
				ASSETCATALOG_COMPILER_GLOBAL_ACCENT_COLOR_NAME = AccentColor;
				CODE_SIGN_STYLE = Automatic;
				CURRENT_PROJECT_VERSION = 1;
				GENERATE_INFOPLIST_FILE = YES;
				INFOPLIST_FILE = TwitterTutorial/Info.plist;
				INFOPLIST_KEY_UIApplicationSupportsIndirectInputEvents = YES;
				INFOPLIST_KEY_UILaunchStoryboardName = LaunchScreen;
				INFOPLIST_KEY_UIMainStoryboardFile = Main;
				INFOPLIST_KEY_UISupportedInterfaceOrientations_iPad = "UIInterfaceOrientationPortrait UIInterfaceOrientationPortraitUpsideDown UIInterfaceOrientationLandscapeLeft UIInterfaceOrientationLandscapeRight";
				INFOPLIST_KEY_UISupportedInterfaceOrientations_iPhone = "UIInterfaceOrientationPortrait UIInterfaceOrientationLandscapeLeft UIInterfaceOrientationLandscapeRight";
				LD_RUNPATH_SEARCH_PATHS = (
					"$(inherited)",
					"@executable_path/Frameworks",
				);
				MARKETING_VERSION = 1.0;
				PRODUCT_BUNDLE_IDENTIFIER = daichiwatanabe.TwitterTutorial;
				PRODUCT_NAME = "$(TARGET_NAME)";
				SWIFT_EMIT_LOC_STRINGS = YES;
				SWIFT_VERSION = 5.0;
				TARGETED_DEVICE_FAMILY = "1,2";
			};
			name = Release;
		};
/* End XCBuildConfiguration section */

/* Begin XCConfigurationList section */
		A86D6D1F2A276B7600DFB94C /* Build configuration list for PBXProject "TwitterTutorial" */ = {
			isa = XCConfigurationList;
			buildConfigurations = (
				A86D6D362A276B7900DFB94C /* Debug */,
				A86D6D372A276B7900DFB94C /* Release */,
			);
			defaultConfigurationIsVisible = 0;
			defaultConfigurationName = Release;
		};
		A86D6D382A276B7900DFB94C /* Build configuration list for PBXNativeTarget "TwitterTutorial" */ = {
			isa = XCConfigurationList;
			buildConfigurations = (
				A86D6D392A276B7900DFB94C /* Debug */,
				A86D6D3A2A276B7900DFB94C /* Release */,
			);
			defaultConfigurationIsVisible = 0;
			defaultConfigurationName = Release;
		};
/* End XCConfigurationList section */
	};
	rootObject = A86D6D1C2A276B7600DFB94C /* Project object */;
}
